
Microsoft Visual Studio Solution File, Format Version 12.00
# Visual Studio Version 16
VisualStudioVersion = 16.0.31005.135
MinimumVisualStudioVersion = 10.0.40219.1
Project("{FAE04EC0-301F-11D3-BF4B-00C04F79EFBC}") = "HelloMVC", "HelloMVC.csproj", "{82464209-87CB-4D1A-86E3-B7F2D3B6A44C}"
EndProject
Global
	GlobalSection(SolutionConfigurationPlatforms) = preSolution
		Debug|Any CPU = Debug|Any CPU
		Release|Any CPU = Release|Any CPU
	EndGlobalSection
	GlobalSection(ProjectConfigurationPlatforms) = postSolution
		{82464209-87CB-4D1A-86E3-B7F2D3B6A44C}.Debug|Any CPU.ActiveCfg = Debug|Any CPU
		{82464209-87CB-4D1A-86E3-B7F2D3B6A44C}.Debug|Any CPU.Build.0 = Debug|Any CPU
		{82464209-87CB-4D1A-86E3-B7F2D3B6A44C}.Release|Any CPU.ActiveCfg = Release|Any CPU
		{82464209-87CB-4D1A-86E3-B7F2D3B6A44C}.Release|Any CPU.Build.0 = Release|Any CPU
	EndGlobalSection
	GlobalSection(SolutionProperties) = preSolution
		HideSolutionNode = FALSE
	EndGlobalSection
	GlobalSection(ExtensibilityGlobals) = postSolution
		SolutionGuid = {FD1F2480-4E19-4825-9C6D-307E2943D759}
	EndGlobalSection
EndGlobal
